// !$*UTF8*$!
{
	archiveVersion = 1;
	classes = {
	};
	objectVersion = 46;
	objects = {

/* Begin PBXBuildFile section */
		95240E891EB2171B00883C31 /* AppDelegate.swift in Sources */ = {isa = PBXBuildFile; fileRef = 95240E881EB2171B00883C31 /* AppDelegate.swift */; };
		95240E8B1EB2171B00883C31 /* SignInVC.swift in Sources */ = {isa = PBXBuildFile; fileRef = 95240E8A1EB2171B00883C31 /* SignInVC.swift */; };
		95240E8E1EB2171B00883C31 /* Main.storyboard in Resources */ = {isa = PBXBuildFile; fileRef = 95240E8C1EB2171B00883C31 /* Main.storyboard */; };
		95240E901EB2171B00883C31 /* Assets.xcassets in Resources */ = {isa = PBXBuildFile; fileRef = 95240E8F1EB2171B00883C31 /* Assets.xcassets */; };
		95240E931EB2171B00883C31 /* LaunchScreen.storyboard in Resources */ = {isa = PBXBuildFile; fileRef = 95240E911EB2171B00883C31 /* LaunchScreen.storyboard */; };
		95240E9E1EB2171B00883C31 /* TawaslTests.swift in Sources */ = {isa = PBXBuildFile; fileRef = 95240E9D1EB2171B00883C31 /* TawaslTests.swift */; };
		95240EA91EB217BA00883C31 /* GoogleService-Info.plist in Resources */ = {isa = PBXBuildFile; fileRef = 95240EA81EB217BA00883C31 /* GoogleService-Info.plist */; };
		9552F9F91EB22F1300E26D93 /* ViewShadow.swift in Sources */ = {isa = PBXBuildFile; fileRef = 9552F9F81EB22F1300E26D93 /* ViewShadow.swift */; };
		9552F9FE1EB232B100E26D93 /* DropShadow.swift in Sources */ = {isa = PBXBuildFile; fileRef = 9552F9FD1EB232B100E26D93 /* DropShadow.swift */; };
		9552FA001EB236D300E26D93 /* Ristella.ttf in Resources */ = {isa = PBXBuildFile; fileRef = 9552F9FF1EB236D300E26D93 /* Ristella.ttf */; };
		9552FA021EB23BAE00E26D93 /* RoundedButton.swift in Sources */ = {isa = PBXBuildFile; fileRef = 9552FA011EB23BAE00E26D93 /* RoundedButton.swift */; };
		9552FA041EB27C8D00E26D93 /* SmallRoundedButton.swift in Sources */ = {isa = PBXBuildFile; fileRef = 9552FA031EB27C8D00E26D93 /* SmallRoundedButton.swift */; };
		F4851DCA4EA47362ABBCD6E1 /* Pods_Tawasl.framework in Frameworks */ = {isa = PBXBuildFile; fileRef = 6D0DEFE4A2D9B83E59771849 /* Pods_Tawasl.framework */; };
/* End PBXBuildFile section */

/* Begin PBXContainerItemProxy section */
		95240E9A1EB2171B00883C31 /* PBXContainerItemProxy */ = {
			isa = PBXContainerItemProxy;
			containerPortal = 95240E7D1EB2171A00883C31 /* Project object */;
			proxyType = 1;
			remoteGlobalIDString = 95240E841EB2171B00883C31;
			remoteInfo = Tawasl;
		};
/* End PBXContainerItemProxy section */

/* Begin PBXFileReference section */
		2182633F175716C7175762C0 /* Pods-Tawasl.debug.xcconfig */ = {isa = PBXFileReference; includeInIndex = 1; lastKnownFileType = text.xcconfig; name = "Pods-Tawasl.debug.xcconfig"; path = "Pods/Target Support Files/Pods-Tawasl/Pods-Tawasl.debug.xcconfig"; sourceTree = "<group>"; };
		51E0F907CC9004BE2E4A6CB8 /* Pods-Tawasl.release.xcconfig */ = {isa = PBXFileReference; includeInIndex = 1; lastKnownFileType = text.xcconfig; name = "Pods-Tawasl.release.xcconfig"; path = "Pods/Target Support Files/Pods-Tawasl/Pods-Tawasl.release.xcconfig"; sourceTree = "<group>"; };
		6D0DEFE4A2D9B83E59771849 /* Pods_Tawasl.framework */ = {isa = PBXFileReference; explicitFileType = wrapper.framework; includeInIndex = 0; path = Pods_Tawasl.framework; sourceTree = BUILT_PRODUCTS_DIR; };
		95240E851EB2171B00883C31 /* Tawasl.app */ = {isa = PBXFileReference; explicitFileType = wrapper.application; includeInIndex = 0; path = Tawasl.app; sourceTree = BUILT_PRODUCTS_DIR; };
		95240E881EB2171B00883C31 /* AppDelegate.swift */ = {isa = PBXFileReference; lastKnownFileType = sourcecode.swift; path = AppDelegate.swift; sourceTree = "<group>"; };
		95240E8A1EB2171B00883C31 /* SignInVC.swift */ = {isa = PBXFileReference; lastKnownFileType = sourcecode.swift; path = SignInVC.swift; sourceTree = "<group>"; };
		95240E8D1EB2171B00883C31 /* Base */ = {isa = PBXFileReference; lastKnownFileType = file.storyboard; name = Base; path = Base.lproj/Main.storyboard; sourceTree = "<group>"; };
		95240E8F1EB2171B00883C31 /* Assets.xcassets */ = {isa = PBXFileReference; lastKnownFileType = folder.assetcatalog; path = Assets.xcassets; sourceTree = "<group>"; };
		95240E921EB2171B00883C31 /* Base */ = {isa = PBXFileReference; lastKnownFileType = file.storyboard; name = Base; path = Base.lproj/LaunchScreen.storyboard; sourceTree = "<group>"; };
		95240E941EB2171B00883C31 /* Info.plist */ = {isa = PBXFileReference; lastKnownFileType = text.plist.xml; path = Info.plist; sourceTree = "<group>"; };
		95240E991EB2171B00883C31 /* TawaslTests.xctest */ = {isa = PBXFileReference; explicitFileType = wrapper.cfbundle; includeInIndex = 0; path = TawaslTests.xctest; sourceTree = BUILT_PRODUCTS_DIR; };
		95240E9D1EB2171B00883C31 /* TawaslTests.swift */ = {isa = PBXFileReference; lastKnownFileType = sourcecode.swift; path = TawaslTests.swift; sourceTree = "<group>"; };
		95240E9F1EB2171B00883C31 /* Info.plist */ = {isa = PBXFileReference; lastKnownFileType = text.plist.xml; path = Info.plist; sourceTree = "<group>"; };
		95240EA81EB217BA00883C31 /* GoogleService-Info.plist */ = {isa = PBXFileReference; fileEncoding = 4; lastKnownFileType = text.plist.xml; path = "GoogleService-Info.plist"; sourceTree = "<group>"; };
		954591201EC9F6C000029F39 /* Tawasl.entitlements */ = {isa = PBXFileReference; lastKnownFileType = text.plist.entitlements; path = Tawasl.entitlements; sourceTree = "<group>"; };
		9552F9F81EB22F1300E26D93 /* ViewShadow.swift */ = {isa = PBXFileReference; fileEncoding = 4; lastKnownFileType = sourcecode.swift; path = ViewShadow.swift; sourceTree = "<group>"; };
		9552F9FD1EB232B100E26D93 /* DropShadow.swift */ = {isa = PBXFileReference; fileEncoding = 4; lastKnownFileType = sourcecode.swift; path = DropShadow.swift; sourceTree = "<group>"; };
		9552F9FF1EB236D300E26D93 /* Ristella.ttf */ = {isa = PBXFileReference; lastKnownFileType = file; path = Ristella.ttf; sourceTree = "<group>"; };
		9552FA011EB23BAE00E26D93 /* RoundedButton.swift */ = {isa = PBXFileReference; fileEncoding = 4; lastKnownFileType = sourcecode.swift; path = RoundedButton.swift; sourceTree = "<group>"; };
		9552FA031EB27C8D00E26D93 /* SmallRoundedButton.swift */ = {isa = PBXFileReference; fileEncoding = 4; lastKnownFileType = sourcecode.swift; path = SmallRoundedButton.swift; sourceTree = "<group>"; };
/* End PBXFileReference section */

/* Begin PBXFrameworksBuildPhase section */
		95240E821EB2171B00883C31 /* Frameworks */ = {
			isa = PBXFrameworksBuildPhase;
			buildActionMask = 2147483647;
			files = (
				F4851DCA4EA47362ABBCD6E1 /* Pods_Tawasl.framework in Frameworks */,
			);
			runOnlyForDeploymentPostprocessing = 0;
		};
		95240E961EB2171B00883C31 /* Frameworks */ = {
			isa = PBXFrameworksBuildPhase;
			buildActionMask = 2147483647;
			files = (
			);
			runOnlyForDeploymentPostprocessing = 0;
		};
/* End PBXFrameworksBuildPhase section */

/* Begin PBXGroup section */
		95240E7C1EB2171A00883C31 = {
			isa = PBXGroup;
			children = (
				95240E871EB2171B00883C31 /* Tawasl */,
				95240E9C1EB2171B00883C31 /* TawaslTests */,
				95240E861EB2171B00883C31 /* Products */,
				DA3F87BB4AF733CEA9AE7DBA /* Pods */,
				D9C3888202FDA522E6D57F21 /* Frameworks */,
			);
			sourceTree = "<group>";
		};
		95240E861EB2171B00883C31 /* Products */ = {
			isa = PBXGroup;
			children = (
				95240E851EB2171B00883C31 /* Tawasl.app */,
				95240E991EB2171B00883C31 /* TawaslTests.xctest */,
			);
			name = Products;
			sourceTree = "<group>";
		};
		95240E871EB2171B00883C31 /* Tawasl */ = {
			isa = PBXGroup;
			children = (
				954591201EC9F6C000029F39 /* Tawasl.entitlements */,
				9552F9FA1EB230DE00E26D93 /* Protocols */,
				9552F9F71EB220F900E26D93 /* Utilities */,
				9552F9F61EB220BE00E26D93 /* Resources */,
				9552F9F51EB220A400E26D93 /* Model */,
				9552F9F41EB2209D00E26D93 /* View */,
				9552F9F31EB2209600E26D93 /* Controller */,
			);
			path = Tawasl;
			sourceTree = "<group>";
		};
		95240E9C1EB2171B00883C31 /* TawaslTests */ = {
			isa = PBXGroup;
			children = (
				95240E9D1EB2171B00883C31 /* TawaslTests.swift */,
				95240E9F1EB2171B00883C31 /* Info.plist */,
			);
			path = TawaslTests;
			sourceTree = "<group>";
		};
		9552F9F31EB2209600E26D93 /* Controller */ = {
			isa = PBXGroup;
			children = (
				95240E881EB2171B00883C31 /* AppDelegate.swift */,
				95240E8A1EB2171B00883C31 /* SignInVC.swift */,
			);
			name = Controller;
			sourceTree = "<group>";
		};
		9552F9F41EB2209D00E26D93 /* View */ = {
			isa = PBXGroup;
			children = (
				95240E911EB2171B00883C31 /* LaunchScreen.storyboard */,
				95240E8C1EB2171B00883C31 /* Main.storyboard */,
				9552F9F81EB22F1300E26D93 /* ViewShadow.swift */,
				9552FA011EB23BAE00E26D93 /* RoundedButton.swift */,
				9552FA031EB27C8D00E26D93 /* SmallRoundedButton.swift */,
			);
			name = View;
			sourceTree = "<group>";
		};
		9552F9F51EB220A400E26D93 /* Model */ = {
			isa = PBXGroup;
			children = (
			);
			name = Model;
			sourceTree = "<group>";
		};
		9552F9F61EB220BE00E26D93 /* Resources */ = {
			isa = PBXGroup;
			children = (
				9552F9FF1EB236D300E26D93 /* Ristella.ttf */,
				95240E8F1EB2171B00883C31 /* Assets.xcassets */,
			);
			name = Resources;
			sourceTree = "<group>";
		};
		9552F9F71EB220F900E26D93 /* Utilities */ = {
			isa = PBXGroup;
			children = (
				95240EA81EB217BA00883C31 /* GoogleService-Info.plist */,
				95240E941EB2171B00883C31 /* Info.plist */,
			);
			name = Utilities;
			sourceTree = "<group>";
		};
		9552F9FA1EB230DE00E26D93 /* Protocols */ = {
			isa = PBXGroup;
			children = (
				9552F9FD1EB232B100E26D93 /* DropShadow.swift */,
			);
			name = Protocols;
			sourceTree = "<group>";
		};
		D9C3888202FDA522E6D57F21 /* Frameworks */ = {
			isa = PBXGroup;
			children = (
				6D0DEFE4A2D9B83E59771849 /* Pods_Tawasl.framework */,
			);
			name = Frameworks;
			sourceTree = "<group>";
		};
		DA3F87BB4AF733CEA9AE7DBA /* Pods */ = {
			isa = PBXGroup;
			children = (
				2182633F175716C7175762C0 /* Pods-Tawasl.debug.xcconfig */,
				51E0F907CC9004BE2E4A6CB8 /* Pods-Tawasl.release.xcconfig */,
			);
			name = Pods;
			sourceTree = "<group>";
		};
/* End PBXGroup section */

/* Begin PBXNativeTarget section */
		95240E841EB2171B00883C31 /* Tawasl */ = {
			isa = PBXNativeTarget;
			buildConfigurationList = 95240EA21EB2171B00883C31 /* Build configuration list for PBXNativeTarget "Tawasl" */;
			buildPhases = (
				4E812A4637A6F77D39D4452D /* [CP] Check Pods Manifest.lock */,
				95240E811EB2171B00883C31 /* Sources */,
				95240E821EB2171B00883C31 /* Frameworks */,
				95240E831EB2171B00883C31 /* Resources */,
				EC93CC37E48CD82C04C368E5 /* [CP] Embed Pods Frameworks */,
				4C9F13E680404CA138E7B365 /* [CP] Copy Pods Resources */,
			);
			buildRules = (
			);
			dependencies = (
			);
			name = Tawasl;
			productName = Tawasl;
			productReference = 95240E851EB2171B00883C31 /* Tawasl.app */;
			productType = "com.apple.product-type.application";
		};
		95240E981EB2171B00883C31 /* TawaslTests */ = {
			isa = PBXNativeTarget;
			buildConfigurationList = 95240EA51EB2171B00883C31 /* Build configuration list for PBXNativeTarget "TawaslTests" */;
			buildPhases = (
				95240E951EB2171B00883C31 /* Sources */,
				95240E961EB2171B00883C31 /* Frameworks */,
				95240E971EB2171B00883C31 /* Resources */,
			);
			buildRules = (
			);
			dependencies = (
				95240E9B1EB2171B00883C31 /* PBXTargetDependency */,
			);
			name = TawaslTests;
			productName = TawaslTests;
			productReference = 95240E991EB2171B00883C31 /* TawaslTests.xctest */;
			productType = "com.apple.product-type.bundle.unit-test";
		};
/* End PBXNativeTarget section */

/* Begin PBXProject section */
		95240E7D1EB2171A00883C31 /* Project object */ = {
			isa = PBXProject;
			attributes = {
				LastSwiftUpdateCheck = 0830;
				LastUpgradeCheck = 0830;
				ORGANIZATIONNAME = "Khaled Elfakharany";
				TargetAttributes = {
					95240E841EB2171B00883C31 = {
						CreatedOnToolsVersion = 8.3;
						DevelopmentTeam = K7K283J3YP;
						ProvisioningStyle = Automatic;
						SystemCapabilities = {
							com.apple.Keychain = {
								enabled = 0;
							};
						};
					};
					95240E981EB2171B00883C31 = {
						CreatedOnToolsVersion = 8.3;
						ProvisioningStyle = Automatic;
						TestTargetID = 95240E841EB2171B00883C31;
					};
				};
			};
			buildConfigurationList = 95240E801EB2171A00883C31 /* Build configuration list for PBXProject "Tawasl" */;
			compatibilityVersion = "Xcode 3.2";
			developmentRegion = English;
			hasScannedForEncodings = 0;
			knownRegions = (
				en,
				Base,
			);
			mainGroup = 95240E7C1EB2171A00883C31;
			productRefGroup = 95240E861EB2171B00883C31 /* Products */;
			projectDirPath = "";
			projectRoot = "";
			targets = (
				95240E841EB2171B00883C31 /* Tawasl */,
				95240E981EB2171B00883C31 /* TawaslTests */,
			);
		};
/* End PBXProject section */

/* Begin PBXResourcesBuildPhase section */
		95240E831EB2171B00883C31 /* Resources */ = {
			isa = PBXResourcesBuildPhase;
			buildActionMask = 2147483647;
			files = (
				95240E931EB2171B00883C31 /* LaunchScreen.storyboard in Resources */,
				95240EA91EB217BA00883C31 /* GoogleService-Info.plist in Resources */,
				9552FA001EB236D300E26D93 /* Ristella.ttf in Resources */,
				95240E901EB2171B00883C31 /* Assets.xcassets in Resources */,
				95240E8E1EB2171B00883C31 /* Main.storyboard in Resources */,
			);
			runOnlyForDeploymentPostprocessing = 0;
		};
		95240E971EB2171B00883C31 /* Resources */ = {
			isa = PBXResourcesBuildPhase;
			buildActionMask = 2147483647;
			files = (
			);
			runOnlyForDeploymentPostprocessing = 0;
		};
/* End PBXResourcesBuildPhase section */

/* Begin PBXShellScriptBuildPhase section */
		4C9F13E680404CA138E7B365 /* [CP] Copy Pods Resources */ = {
			isa = PBXShellScriptBuildPhase;
			buildActionMask = 2147483647;
			files = (
			);
			inputPaths = (
			);
			name = "[CP] Copy Pods Resources";
			outputPaths = (
			);
			runOnlyForDeploymentPostprocessing = 0;
			shellPath = /bin/sh;
			shellScript = "\"${SRCROOT}/Pods/Target Support Files/Pods-Tawasl/Pods-Tawasl-resources.sh\"\n";
			showEnvVarsInLog = 0;
		};
		4E812A4637A6F77D39D4452D /* [CP] Check Pods Manifest.lock */ = {
			isa = PBXShellScriptBuildPhase;
			buildActionMask = 2147483647;
			files = (
			);
			inputPaths = (
			);
			name = "[CP] Check Pods Manifest.lock";
			outputPaths = (
			);
			runOnlyForDeploymentPostprocessing = 0;
			shellPath = /bin/sh;
			shellScript = "diff \"${PODS_ROOT}/../Podfile.lock\" \"${PODS_ROOT}/Manifest.lock\" > /dev/null\nif [ $? != 0 ] ; then\n    # print error to STDERR\n    echo \"error: The sandbox is not in sync with the Podfile.lock. Run 'pod install' or update your CocoaPods installation.\" >&2\n    exit 1\nfi\n";
			showEnvVarsInLog = 0;
		};
		EC93CC37E48CD82C04C368E5 /* [CP] Embed Pods Frameworks */ = {
			isa = PBXShellScriptBuildPhase;
			buildActionMask = 2147483647;
			files = (
			);
			inputPaths = (
			);
			name = "[CP] Embed Pods Frameworks";
			outputPaths = (
			);
			runOnlyForDeploymentPostprocessing = 0;
			shellPath = /bin/sh;
			shellScript = "\"${SRCROOT}/Pods/Target Support Files/Pods-Tawasl/Pods-Tawasl-frameworks.sh\"\n";
			showEnvVarsInLog = 0;
		};
/* End PBXShellScriptBuildPhase section */

/* Begin PBXSourcesBuildPhase section */
		95240E811EB2171B00883C31 /* Sources */ = {
			isa = PBXSourcesBuildPhase;
			buildActionMask = 2147483647;
			files = (
				95240E8B1EB2171B00883C31 /* SignInVC.swift in Sources */,
				9552FA021EB23BAE00E26D93 /* RoundedButton.swift in Sources */,
				95240E891EB2171B00883C31 /* AppDelegate.swift in Sources */,
				9552FA041EB27C8D00E26D93 /* SmallRoundedButton.swift in Sources */,
				9552F9FE1EB232B100E26D93 /* DropShadow.swift in Sources */,
				9552F9F91EB22F1300E26D93 /* ViewShadow.swift in Sources */,
			);
			runOnlyForDeploymentPostprocessing = 0;
		};
		95240E951EB2171B00883C31 /* Sources */ = {
			isa = PBXSourcesBuildPhase;
			buildActionMask = 2147483647;
			files = (
				95240E9E1EB2171B00883C31 /* TawaslTests.swift in Sources */,
			);
			runOnlyForDeploymentPostprocessing = 0;
		};
/* End PBXSourcesBuildPhase section */

/* Begin PBXTargetDependency section */
		95240E9B1EB2171B00883C31 /* PBXTargetDependency */ = {
			isa = PBXTargetDependency;
			target = 95240E841EB2171B00883C31 /* Tawasl */;
			targetProxy = 95240E9A1EB2171B00883C31 /* PBXContainerItemProxy */;
		};
/* End PBXTargetDependency section */

/* Begin PBXVariantGroup section */
		95240E8C1EB2171B00883C31 /* Main.storyboard */ = {
			isa = PBXVariantGroup;
			children = (
				95240E8D1EB2171B00883C31 /* Base */,
			);
			name = Main.storyboard;
			sourceTree = "<group>";
		};
		95240E911EB2171B00883C31 /* LaunchScreen.storyboard */ = {
			isa = PBXVariantGroup;
			children = (
				95240E921EB2171B00883C31 /* Base */,
			);
			name = LaunchScreen.storyboard;
			sourceTree = "<group>";
		};
/* End PBXVariantGroup section */

/* Begin XCBuildConfiguration section */
		95240EA01EB2171B00883C31 /* Debug */ = {
			isa = XCBuildConfiguration;
			buildSettings = {
				ALWAYS_SEARCH_USER_PATHS = NO;
				CLANG_ANALYZER_NONNULL = YES;
				CLANG_ANALYZER_NUMBER_OBJECT_CONVERSION = YES_AGGRESSIVE;
				CLANG_CXX_LANGUAGE_STANDARD = "gnu++0x";
				CLANG_CXX_LIBRARY = "libc++";
				CLANG_ENABLE_MODULES = YES;
				CLANG_ENABLE_OBJC_ARC = YES;
				CLANG_WARN_BOOL_CONVERSION = YES;
				CLANG_WARN_CONSTANT_CONVERSION = YES;
				CLANG_WARN_DIRECT_OBJC_ISA_USAGE = YES_ERROR;
				CLANG_WARN_DOCUMENTATION_COMMENTS = YES;
				CLANG_WARN_EMPTY_BODY = YES;
				CLANG_WARN_ENUM_CONVERSION = YES;
				CLANG_WARN_INFINITE_RECURSION = YES;
				CLANG_WARN_INT_CONVERSION = YES;
				CLANG_WARN_OBJC_ROOT_CLASS = YES_ERROR;
				CLANG_WARN_SUSPICIOUS_MOVE = YES;
				CLANG_WARN_UNREACHABLE_CODE = YES;
				CLANG_WARN__DUPLICATE_METHOD_MATCH = YES;
				"CODE_SIGN_IDENTITY[sdk=iphoneos*]" = "iPhone Developer";
				COPY_PHASE_STRIP = NO;
				DEBUG_INFORMATION_FORMAT = dwarf;
				ENABLE_STRICT_OBJC_MSGSEND = YES;
				ENABLE_TESTABILITY = YES;
				GCC_C_LANGUAGE_STANDARD = gnu99;
				GCC_DYNAMIC_NO_PIC = NO;
				GCC_NO_COMMON_BLOCKS = YES;
				GCC_OPTIMIZATION_LEVEL = 0;
				GCC_PREPROCESSOR_DEFINITIONS = (
					"DEBUG=1",
					"$(inherited)",
				);
				GCC_WARN_64_TO_32_BIT_CONVERSION = YES;
				GCC_WARN_ABOUT_RETURN_TYPE = YES_ERROR;
				GCC_WARN_UNDECLARED_SELECTOR = YES;
				GCC_WARN_UNINITIALIZED_AUTOS = YES_AGGRESSIVE;
				GCC_WARN_UNUSED_FUNCTION = YES;
				GCC_WARN_UNUSED_VARIABLE = YES;
				IPHONEOS_DEPLOYMENT_TARGET = 10.3;
				MTL_ENABLE_DEBUG_INFO = YES;
				ONLY_ACTIVE_ARCH = YES;
				SDKROOT = iphoneos;
				SWIFT_ACTIVE_COMPILATION_CONDITIONS = DEBUG;
				SWIFT_OPTIMIZATION_LEVEL = "-Onone";
				TARGETED_DEVICE_FAMILY = "1,2";
			};
			name = Debug;
		};
		95240EA11EB2171B00883C31 /* Release */ = {
			isa = XCBuildConfiguration;
			buildSettings = {
				ALWAYS_SEARCH_USER_PATHS = NO;
				CLANG_ANALYZER_NONNULL = YES;
				CLANG_ANALYZER_NUMBER_OBJECT_CONVERSION = YES_AGGRESSIVE;
				CLANG_CXX_LANGUAGE_STANDARD = "gnu++0x";
				CLANG_CXX_LIBRARY = "libc++";
				CLANG_ENABLE_MODULES = YES;
				CLANG_ENABLE_OBJC_ARC = YES;
				CLANG_WARN_BOOL_CONVERSION = YES;
				CLANG_WARN_CONSTANT_CONVERSION = YES;
				CLANG_WARN_DIRECT_OBJC_ISA_USAGE = YES_ERROR;
				CLANG_WARN_DOCUMENTATION_COMMENTS = YES;
				CLANG_WARN_EMPTY_BODY = YES;
				CLANG_WARN_ENUM_CONVERSION = YES;
				CLANG_WARN_INFINITE_RECURSION = YES;
				CLANG_WARN_INT_CONVERSION = YES;
				CLANG_WARN_OBJC_ROOT_CLASS = YES_ERROR;
				CLANG_WARN_SUSPICIOUS_MOVE = YES;
				CLANG_WARN_UNREACHABLE_CODE = YES;
				CLANG_WARN__DUPLICATE_METHOD_MATCH = YES;
				"CODE_SIGN_IDENTITY[sdk=iphoneos*]" = "iPhone Developer";
				COPY_PHASE_STRIP = NO;
				DEBUG_INFORMATION_FORMAT = "dwarf-with-dsym";
				ENABLE_NS_ASSERTIONS = NO;
				ENABLE_STRICT_OBJC_MSGSEND = YES;
				GCC_C_LANGUAGE_STANDARD = gnu99;
				GCC_NO_COMMON_BLOCKS = YES;
				GCC_WARN_64_TO_32_BIT_CONVERSION = YES;
				GCC_WARN_ABOUT_RETURN_TYPE = YES_ERROR;
				GCC_WARN_UNDECLARED_SELECTOR = YES;
				GCC_WARN_UNINITIALIZED_AUTOS = YES_AGGRESSIVE;
				GCC_WARN_UNUSED_FUNCTION = YES;
				GCC_WARN_UNUSED_VARIABLE = YES;
				IPHONEOS_DEPLOYMENT_TARGET = 10.3;
				MTL_ENABLE_DEBUG_INFO = NO;
				SDKROOT = iphoneos;
				SWIFT_OPTIMIZATION_LEVEL = "-Owholemodule";
				TARGETED_DEVICE_FAMILY = "1,2";
				VALIDATE_PRODUCT = YES;
			};
			name = Release;
		};
		95240EA31EB2171B00883C31 /* Debug */ = {
			isa = XCBuildConfiguration;
			baseConfigurationReference = 2182633F175716C7175762C0 /* Pods-Tawasl.debug.xcconfig */;
			buildSettings = {
				ASSETCATALOG_COMPILER_APPICON_NAME = AppIcon;
				DEVELOPMENT_TEAM = K7K283J3YP;
				INFOPLIST_FILE = Tawasl/Info.plist;
				LD_RUNPATH_SEARCH_PATHS = "$(inherited) @executable_path/Frameworks";
				PRODUCT_BUNDLE_IDENTIFIER = swift3.Tawasl;
				PRODUCT_NAME = "$(TARGET_NAME)";
				SWIFT_VERSION = 3.0;
			};
			name = Debug;
		};
		95240EA41EB2171B00883C31 /* Release */ = {
			isa = XCBuildConfiguration;
			baseConfigurationReference = 51E0F907CC9004BE2E4A6CB8 /* Pods-Tawasl.release.xcconfig */;
			buildSettings = {
				ASSETCATALOG_COMPILER_APPICON_NAME = AppIcon;
				DEVELOPMENT_TEAM = K7K283J3YP;
				INFOPLIST_FILE = Tawasl/Info.plist;
				LD_RUNPATH_SEARCH_PATHS = "$(inherited) @executable_path/Frameworks";
				PRODUCT_BUNDLE_IDENTIFIER = swift3.Tawasl;
				PRODUCT_NAME = "$(TARGET_NAME)";
				SWIFT_VERSION = 3.0;
			};
			name = Release;
		};
		95240EA61EB2171B00883C31 /* Debug */ = {
			isa = XCBuildConfiguration;
			buildSettings = {
				ALWAYS_EMBED_SWIFT_STANDARD_LIBRARIES = YES;
				BUNDLE_LOADER = "$(TEST_HOST)";
				INFOPLIST_FILE = TawaslTests/Info.plist;
				LD_RUNPATH_SEARCH_PATHS = "$(inherited) @executable_path/Frameworks @loader_path/Frameworks";
				PRODUCT_BUNDLE_IDENTIFIER = swift3.TawaslTests;
				PRODUCT_NAME = "$(TARGET_NAME)";
				SWIFT_VERSION = 3.0;
				TEST_HOST = "$(BUILT_PRODUCTS_DIR)/Tawasl.app/Tawasl";
			};
			name = Debug;
		};
		95240EA71EB2171B00883C31 /* Release */ = {
			isa = XCBuildConfiguration;
			buildSettings = {
				ALWAYS_EMBED_SWIFT_STANDARD_LIBRARIES = YES;
				BUNDLE_LOADER = "$(TEST_HOST)";
				INFOPLIST_FILE = TawaslTests/Info.plist;
				LD_RUNPATH_SEARCH_PATHS = "$(inherited) @executable_path/Frameworks @loader_path/Frameworks";
				PRODUCT_BUNDLE_IDENTIFIER = swift3.TawaslTests;
				PRODUCT_NAME = "$(TARGET_NAME)";
				SWIFT_VERSION = 3.0;
				TEST_HOST = "$(BUILT_PRODUCTS_DIR)/Tawasl.app/Tawasl";
			};
			name = Release;
		};
/* End XCBuildConfiguration section */

/* Begin XCConfigurationList section */
		95240E801EB2171A00883C31 /* Build configuration list for PBXProject "Tawasl" */ = {
			isa = XCConfigurationList;
			buildConfigurations = (
				95240EA01EB2171B00883C31 /* Debug */,
				95240EA11EB2171B00883C31 /* Release */,
			);
			defaultConfigurationIsVisible = 0;
			defaultConfigurationName = Release;
		};
		95240EA21EB2171B00883C31 /* Build configuration list for PBXNativeTarget "Tawasl" */ = {
			isa = XCConfigurationList;
			buildConfigurations = (
				95240EA31EB2171B00883C31 /* Debug */,
				95240EA41EB2171B00883C31 /* Release */,
			);
			defaultConfigurationIsVisible = 0;
			defaultConfigurationName = Release;
		};
		95240EA51EB2171B00883C31 /* Build configuration list for PBXNativeTarget "TawaslTests" */ = {
			isa = XCConfigurationList;
			buildConfigurations = (
				95240EA61EB2171B00883C31 /* Debug */,
				95240EA71EB2171B00883C31 /* Release */,
			);
			defaultConfigurationIsVisible = 0;
			defaultConfigurationName = Release;
		};
/* End XCConfigurationList section */
	};
	rootObject = 95240E7D1EB2171A00883C31 /* Project object */;
}
